
Microsoft Visual Studio Solution File, Format Version 12.00
# Visual Studio Version 17
VisualStudioVersion = 17.10.35027.167
MinimumVisualStudioVersion = 10.0.40219.1
Project("{FAE04EC0-301F-11D3-BF4B-00C04F79EFBC}") = "TheGame", "TheGame\TheGame.csproj", "{AA24B92A-E6D0-4CB3-96D5-8F2CD7AE0224}"
EndProject
Global
	GlobalSection(SolutionConfigurationPlatforms) = preSolution
		Debug|Any CPU = Debug|Any CPU
		Release|Any CPU = Release|Any CPU
	EndGlobalSection
	GlobalSection(ProjectConfigurationPlatforms) = postSolution
		{AA24B92A-E6D0-4CB3-96D5-8F2CD7AE0224}.Debug|Any CPU.ActiveCfg = Debug|Any CPU
		{AA24B92A-E6D0-4CB3-96D5-8F2CD7AE0224}.Debug|Any CPU.Build.0 = Debug|Any CPU
		{AA24B92A-E6D0-4CB3-96D5-8F2CD7AE0224}.Release|Any CPU.ActiveCfg = Release|Any CPU
		{AA24B92A-E6D0-4CB3-96D5-8F2CD7AE0224}.Release|Any CPU.Build.0 = Release|Any CPU
	EndGlobalSection
	GlobalSection(SolutionProperties) = preSolution
		HideSolutionNode = FALSE
	EndGlobalSection
	GlobalSection(ExtensibilityGlobals) = postSolution
		SolutionGuid = {6C4CF094-AFF2-4247-8506-8D1F34854FF0}
	EndGlobalSection
EndGlobal
